// !$*UTF8*$!
{
	archiveVersion = 1;
	classes = {
	};
	objectVersion = 50;
	objects = {

/* Begin PBXBuildFile section */
		3517309926EA4C17009340B4 /* SwiftUIView.swift in Sources */ = {isa = PBXBuildFile; fileRef = 3517309826EA4C17009340B4 /* SwiftUIView.swift */; };
		3539741526E986BD00A48A01 /* Lecture.swift in Sources */ = {isa = PBXBuildFile; fileRef = 3539741426E986BD00A48A01 /* Lecture.swift */; };
		3539741826E9873900A48A01 /* Day.swift in Sources */ = {isa = PBXBuildFile; fileRef = 3539741726E9873900A48A01 /* Day.swift */; };
		35607B9C26E99BFA0037504E /* Date+Helper.swift in Sources */ = {isa = PBXBuildFile; fileRef = 35607B9B26E99BFA0037504E /* Date+Helper.swift */; };
		35607B9F26EA025B0037504E /* NewsPageView.swift in Sources */ = {isa = PBXBuildFile; fileRef = 35607B9E26EA025B0037504E /* NewsPageView.swift */; };
		35607BA226EA02E00037504E /* PersonalPageView.swift in Sources */ = {isa = PBXBuildFile; fileRef = 35607BA126EA02E00037504E /* PersonalPageView.swift */; };
		35607BA526EA0EC90037504E /* LogginView.swift in Sources */ = {isa = PBXBuildFile; fileRef = 35607BA426EA0EC90037504E /* LogginView.swift */; };
		35607BA726EA18280037504E /* SettingView.swift in Sources */ = {isa = PBXBuildFile; fileRef = 35607BA626EA18280037504E /* SettingView.swift */; };
		3578CA2926E8ED5E00667BEF /* AHUerApp.swift in Sources */ = {isa = PBXBuildFile; fileRef = 3578CA2826E8ED5E00667BEF /* AHUerApp.swift */; };
		3578CA2D26E8ED5E00667BEF /* Assets.xcassets in Resources */ = {isa = PBXBuildFile; fileRef = 3578CA2C26E8ED5E00667BEF /* Assets.xcassets */; };
		3578CA3026E8ED5F00667BEF /* Preview Assets.xcassets in Resources */ = {isa = PBXBuildFile; fileRef = 3578CA2F26E8ED5F00667BEF /* Preview Assets.xcassets */; };
		3578CA3B26E8ED5F00667BEF /* AHUerTests.swift in Sources */ = {isa = PBXBuildFile; fileRef = 3578CA3A26E8ED5F00667BEF /* AHUerTests.swift */; };
		3578CA4626E8ED5F00667BEF /* AHUerUITests.swift in Sources */ = {isa = PBXBuildFile; fileRef = 3578CA4526E8ED5F00667BEF /* AHUerUITests.swift */; };
		3578CA5426E8EDB500667BEF /* RootView.swift in Sources */ = {isa = PBXBuildFile; fileRef = 3578CA5326E8EDB500667BEF /* RootView.swift */; };
		3578CA5626E8F0ED00667BEF /* HomePageView.swift in Sources */ = {isa = PBXBuildFile; fileRef = 3578CA5526E8F0ED00667BEF /* HomePageView.swift */; };
		3578CA5A26E8F33D00667BEF /* TodayMessages.swift in Sources */ = {isa = PBXBuildFile; fileRef = 3578CA5926E8F33D00667BEF /* TodayMessages.swift */; };
		3578CA5D26E8F51400667BEF /* Today.swift in Sources */ = {isa = PBXBuildFile; fileRef = 3578CA5C26E8F51400667BEF /* Today.swift */; };
		3578CA6026E90FDE00667BEF /* TimeTablePageView.swift in Sources */ = {isa = PBXBuildFile; fileRef = 3578CA5F26E90FDE00667BEF /* TimeTablePageView.swift */; };
		3578CA6326E9117E00667BEF /* TimeTableShow.swift in Sources */ = {isa = PBXBuildFile; fileRef = 3578CA6226E9117E00667BEF /* TimeTableShow.swift */; };
		3578CA6526E9120400667BEF /* TimeTable.swift in Sources */ = {isa = PBXBuildFile; fileRef = 3578CA6426E9120400667BEF /* TimeTable.swift */; };
		35AA432B26E916320096724A /* BathView.swift in Sources */ = {isa = PBXBuildFile; fileRef = 35AA432A26E916320096724A /* BathView.swift */; };
		35D5B16A26EA5E430070A23C /* JobView.swift in Sources */ = {isa = PBXBuildFile; fileRef = 35D5B16926EA5E430070A23C /* JobView.swift */; };
		35D5B16D26EA6BFD0070A23C /* ScoreView.swift in Sources */ = {isa = PBXBuildFile; fileRef = 35D5B16C26EA6BFD0070A23C /* ScoreView.swift */; };
/* End PBXBuildFile section */

/* Begin PBXContainerItemProxy section */
		3578CA3726E8ED5F00667BEF /* PBXContainerItemProxy */ = {
			isa = PBXContainerItemProxy;
			containerPortal = 3578CA1D26E8ED5E00667BEF /* Project object */;
			proxyType = 1;
			remoteGlobalIDString = 3578CA2426E8ED5E00667BEF;
			remoteInfo = AHUer;
		};
		3578CA4226E8ED5F00667BEF /* PBXContainerItemProxy */ = {
			isa = PBXContainerItemProxy;
			containerPortal = 3578CA1D26E8ED5E00667BEF /* Project object */;
			proxyType = 1;
			remoteGlobalIDString = 3578CA2426E8ED5E00667BEF;
			remoteInfo = AHUer;
		};
/* End PBXContainerItemProxy section */

/* Begin PBXFileReference section */
		3517309826EA4C17009340B4 /* SwiftUIView.swift */ = {isa = PBXFileReference; lastKnownFileType = sourcecode.swift; path = SwiftUIView.swift; sourceTree = "<group>"; };
		3539741426E986BD00A48A01 /* Lecture.swift */ = {isa = PBXFileReference; lastKnownFileType = sourcecode.swift; path = Lecture.swift; sourceTree = "<group>"; };
		3539741726E9873900A48A01 /* Day.swift */ = {isa = PBXFileReference; lastKnownFileType = sourcecode.swift; path = Day.swift; sourceTree = "<group>"; };
		35607B9B26E99BFA0037504E /* Date+Helper.swift */ = {isa = PBXFileReference; lastKnownFileType = sourcecode.swift; path = "Date+Helper.swift"; sourceTree = "<group>"; };
		35607B9E26EA025B0037504E /* NewsPageView.swift */ = {isa = PBXFileReference; lastKnownFileType = sourcecode.swift; path = NewsPageView.swift; sourceTree = "<group>"; };
		35607BA126EA02E00037504E /* PersonalPageView.swift */ = {isa = PBXFileReference; lastKnownFileType = sourcecode.swift; path = PersonalPageView.swift; sourceTree = "<group>"; };
		35607BA426EA0EC90037504E /* LogginView.swift */ = {isa = PBXFileReference; lastKnownFileType = sourcecode.swift; path = LogginView.swift; sourceTree = "<group>"; };
		35607BA626EA18280037504E /* SettingView.swift */ = {isa = PBXFileReference; lastKnownFileType = sourcecode.swift; path = SettingView.swift; sourceTree = "<group>"; };
		3578CA2526E8ED5E00667BEF /* AHUer.app */ = {isa = PBXFileReference; explicitFileType = wrapper.application; includeInIndex = 0; path = AHUer.app; sourceTree = BUILT_PRODUCTS_DIR; };
		3578CA2826E8ED5E00667BEF /* AHUerApp.swift */ = {isa = PBXFileReference; lastKnownFileType = sourcecode.swift; path = AHUerApp.swift; sourceTree = "<group>"; };
		3578CA2C26E8ED5E00667BEF /* Assets.xcassets */ = {isa = PBXFileReference; lastKnownFileType = folder.assetcatalog; path = Assets.xcassets; sourceTree = "<group>"; };
		3578CA2F26E8ED5F00667BEF /* Preview Assets.xcassets */ = {isa = PBXFileReference; lastKnownFileType = folder.assetcatalog; path = "Preview Assets.xcassets"; sourceTree = "<group>"; };
		3578CA3126E8ED5F00667BEF /* Info.plist */ = {isa = PBXFileReference; lastKnownFileType = text.plist.xml; path = Info.plist; sourceTree = "<group>"; };
		3578CA3626E8ED5F00667BEF /* AHUerTests.xctest */ = {isa = PBXFileReference; explicitFileType = wrapper.cfbundle; includeInIndex = 0; path = AHUerTests.xctest; sourceTree = BUILT_PRODUCTS_DIR; };
		3578CA3A26E8ED5F00667BEF /* AHUerTests.swift */ = {isa = PBXFileReference; lastKnownFileType = sourcecode.swift; path = AHUerTests.swift; sourceTree = "<group>"; };
		3578CA3C26E8ED5F00667BEF /* Info.plist */ = {isa = PBXFileReference; lastKnownFileType = text.plist.xml; path = Info.plist; sourceTree = "<group>"; };
		3578CA4126E8ED5F00667BEF /* AHUerUITests.xctest */ = {isa = PBXFileReference; explicitFileType = wrapper.cfbundle; includeInIndex = 0; path = AHUerUITests.xctest; sourceTree = BUILT_PRODUCTS_DIR; };
		3578CA4526E8ED5F00667BEF /* AHUerUITests.swift */ = {isa = PBXFileReference; lastKnownFileType = sourcecode.swift; path = AHUerUITests.swift; sourceTree = "<group>"; };
		3578CA4726E8ED5F00667BEF /* Info.plist */ = {isa = PBXFileReference; lastKnownFileType = text.plist.xml; path = Info.plist; sourceTree = "<group>"; };
		3578CA5326E8EDB500667BEF /* RootView.swift */ = {isa = PBXFileReference; lastKnownFileType = sourcecode.swift; path = RootView.swift; sourceTree = "<group>"; };
		3578CA5526E8F0ED00667BEF /* HomePageView.swift */ = {isa = PBXFileReference; lastKnownFileType = sourcecode.swift; path = HomePageView.swift; sourceTree = "<group>"; };
		3578CA5926E8F33D00667BEF /* TodayMessages.swift */ = {isa = PBXFileReference; lastKnownFileType = sourcecode.swift; path = TodayMessages.swift; sourceTree = "<group>"; };
		3578CA5C26E8F51400667BEF /* Today.swift */ = {isa = PBXFileReference; lastKnownFileType = sourcecode.swift; path = Today.swift; sourceTree = "<group>"; };
		3578CA5F26E90FDE00667BEF /* TimeTablePageView.swift */ = {isa = PBXFileReference; lastKnownFileType = sourcecode.swift; path = TimeTablePageView.swift; sourceTree = "<group>"; };
		3578CA6226E9117E00667BEF /* TimeTableShow.swift */ = {isa = PBXFileReference; lastKnownFileType = sourcecode.swift; path = TimeTableShow.swift; sourceTree = "<group>"; };
		3578CA6426E9120400667BEF /* TimeTable.swift */ = {isa = PBXFileReference; lastKnownFileType = sourcecode.swift; path = TimeTable.swift; sourceTree = "<group>"; };
		35AA432A26E916320096724A /* BathView.swift */ = {isa = PBXFileReference; lastKnownFileType = sourcecode.swift; path = BathView.swift; sourceTree = "<group>"; };
		35D5B16926EA5E430070A23C /* JobView.swift */ = {isa = PBXFileReference; lastKnownFileType = sourcecode.swift; path = JobView.swift; sourceTree = "<group>"; };
		35D5B16C26EA6BFD0070A23C /* ScoreView.swift */ = {isa = PBXFileReference; lastKnownFileType = sourcecode.swift; path = ScoreView.swift; sourceTree = "<group>"; };
/* End PBXFileReference section */

/* Begin PBXFrameworksBuildPhase section */
		3578CA2226E8ED5E00667BEF /* Frameworks */ = {
			isa = PBXFrameworksBuildPhase;
			buildActionMask = 2147483647;
			files = (
			);
			runOnlyForDeploymentPostprocessing = 0;
		};
		3578CA3326E8ED5F00667BEF /* Frameworks */ = {
			isa = PBXFrameworksBuildPhase;
			buildActionMask = 2147483647;
			files = (
			);
			runOnlyForDeploymentPostprocessing = 0;
		};
		3578CA3E26E8ED5F00667BEF /* Frameworks */ = {
			isa = PBXFrameworksBuildPhase;
			buildActionMask = 2147483647;
			files = (
			);
			runOnlyForDeploymentPostprocessing = 0;
		};
/* End PBXFrameworksBuildPhase section */

/* Begin PBXGroup section */
		3539741626E986DD00A48A01 /* PublicClassFile */ = {
			isa = PBXGroup;
			children = (
				3539741426E986BD00A48A01 /* Lecture.swift */,
				3539741726E9873900A48A01 /* Day.swift */,
			);
			path = PublicClassFile;
			sourceTree = "<group>";
		};
		35607B9D26E99C010037504E /* Tools */ = {
			isa = PBXGroup;
			children = (
				35607B9B26E99BFA0037504E /* Date+Helper.swift */,
			);
			path = Tools;
			sourceTree = "<group>";
		};
		35607BA026EA025E0037504E /* NewsPage */ = {
			isa = PBXGroup;
			children = (
				35607B9E26EA025B0037504E /* NewsPageView.swift */,
			);
			path = NewsPage;
			sourceTree = "<group>";
		};
		35607BA326EA02E30037504E /* PersonalPage */ = {
			isa = PBXGroup;
			children = (
				35607BA126EA02E00037504E /* PersonalPageView.swift */,
				35607BA426EA0EC90037504E /* LogginView.swift */,
				35607BA626EA18280037504E /* SettingView.swift */,
			);
			path = PersonalPage;
			sourceTree = "<group>";
		};
		3578CA1C26E8ED5E00667BEF = {
			isa = PBXGroup;
			children = (
				3578CA2726E8ED5E00667BEF /* AHUer */,
				3578CA3926E8ED5F00667BEF /* AHUerTests */,
				3578CA4426E8ED5F00667BEF /* AHUerUITests */,
				3578CA2626E8ED5E00667BEF /* Products */,
			);
			sourceTree = "<group>";
		};
		3578CA2626E8ED5E00667BEF /* Products */ = {
			isa = PBXGroup;
			children = (
				3578CA2526E8ED5E00667BEF /* AHUer.app */,
				3578CA3626E8ED5F00667BEF /* AHUerTests.xctest */,
				3578CA4126E8ED5F00667BEF /* AHUerUITests.xctest */,
			);
			name = Products;
			sourceTree = "<group>";
		};
		3578CA2726E8ED5E00667BEF /* AHUer */ = {
			isa = PBXGroup;
			children = (
				3578CA2826E8ED5E00667BEF /* AHUerApp.swift */,
				3578CA5326E8EDB500667BEF /* RootView.swift */,
				35607B9D26E99C010037504E /* Tools */,
				3539741626E986DD00A48A01 /* PublicClassFile */,
				3578CA5726E8F2E900667BEF /* HomePage */,
				3578CA6126E9113E00667BEF /* TimeTablePage */,
				35607BA026EA025E0037504E /* NewsPage */,
				35607BA326EA02E30037504E /* PersonalPage */,
				3517309826EA4C17009340B4 /* SwiftUIView.swift */,
				3578CA2C26E8ED5E00667BEF /* Assets.xcassets */,
				3578CA3126E8ED5F00667BEF /* Info.plist */,
				3578CA2E26E8ED5F00667BEF /* Preview Content */,
			);
			path = AHUer;
			sourceTree = "<group>";
		};
		3578CA2E26E8ED5F00667BEF /* Preview Content */ = {
			isa = PBXGroup;
			children = (
				3578CA2F26E8ED5F00667BEF /* Preview Assets.xcassets */,
			);
			path = "Preview Content";
			sourceTree = "<group>";
		};
		3578CA3926E8ED5F00667BEF /* AHUerTests */ = {
			isa = PBXGroup;
			children = (
				3578CA3A26E8ED5F00667BEF /* AHUerTests.swift */,
				3578CA3C26E8ED5F00667BEF /* Info.plist */,
			);
			path = AHUerTests;
			sourceTree = "<group>";
		};
		3578CA4426E8ED5F00667BEF /* AHUerUITests */ = {
			isa = PBXGroup;
			children = (
				3578CA4526E8ED5F00667BEF /* AHUerUITests.swift */,
				3578CA4726E8ED5F00667BEF /* Info.plist */,
			);
			path = AHUerUITests;
			sourceTree = "<group>";
		};
		3578CA5726E8F2E900667BEF /* HomePage */ = {
			isa = PBXGroup;
			children = (
				3578CA5B26E8F4F500667BEF /* Model */,
				3578CA5E26E8F55500667BEF /* ViewModel */,
				3578CA5826E8F2F200667BEF /* View */,
			);
			path = HomePage;
			sourceTree = "<group>";
		};
		3578CA5826E8F2F200667BEF /* View */ = {
			isa = PBXGroup;
			children = (
				3578CA5526E8F0ED00667BEF /* HomePageView.swift */,
				35AA432A26E916320096724A /* BathView.swift */,
				35D5B16C26EA6BFD0070A23C /* ScoreView.swift */,
				35D5B16B26EA5E470070A23C /* ButtonLinkView */,
			);
			path = View;
			sourceTree = "<group>";
		};
		3578CA5B26E8F4F500667BEF /* Model */ = {
			isa = PBXGroup;
			children = (
				3578CA5926E8F33D00667BEF /* TodayMessages.swift */,
			);
			path = Model;
			sourceTree = "<group>";
		};
		3578CA5E26E8F55500667BEF /* ViewModel */ = {
			isa = PBXGroup;
			children = (
				3578CA5C26E8F51400667BEF /* Today.swift */,
			);
			path = ViewModel;
			sourceTree = "<group>";
		};
		3578CA6126E9113E00667BEF /* TimeTablePage */ = {
			isa = PBXGroup;
			children = (
				3578CA6426E9120400667BEF /* TimeTable.swift */,
				3578CA6226E9117E00667BEF /* TimeTableShow.swift */,
				3578CA5F26E90FDE00667BEF /* TimeTablePageView.swift */,
			);
			path = TimeTablePage;
			sourceTree = "<group>";
		};
		35D5B16B26EA5E470070A23C /* ButtonLinkView */ = {
			isa = PBXGroup;
			children = (
				35D5B16926EA5E430070A23C /* JobView.swift */,
			);
			path = ButtonLinkView;
			sourceTree = "<group>";
		};
/* End PBXGroup section */

/* Begin PBXNativeTarget section */
		3578CA2426E8ED5E00667BEF /* AHUer */ = {
			isa = PBXNativeTarget;
			buildConfigurationList = 3578CA4A26E8ED5F00667BEF /* Build configuration list for PBXNativeTarget "AHUer" */;
			buildPhases = (
				3578CA2126E8ED5E00667BEF /* Sources */,
				3578CA2226E8ED5E00667BEF /* Frameworks */,
				3578CA2326E8ED5E00667BEF /* Resources */,
			);
			buildRules = (
			);
			dependencies = (
			);
			name = AHUer;
			productName = AHUer;
			productReference = 3578CA2526E8ED5E00667BEF /* AHUer.app */;
			productType = "com.apple.product-type.application";
		};
		3578CA3526E8ED5F00667BEF /* AHUerTests */ = {
			isa = PBXNativeTarget;
			buildConfigurationList = 3578CA4D26E8ED5F00667BEF /* Build configuration list for PBXNativeTarget "AHUerTests" */;
			buildPhases = (
				3578CA3226E8ED5F00667BEF /* Sources */,
				3578CA3326E8ED5F00667BEF /* Frameworks */,
				3578CA3426E8ED5F00667BEF /* Resources */,
			);
			buildRules = (
			);
			dependencies = (
				3578CA3826E8ED5F00667BEF /* PBXTargetDependency */,
			);
			name = AHUerTests;
			productName = AHUerTests;
			productReference = 3578CA3626E8ED5F00667BEF /* AHUerTests.xctest */;
			productType = "com.apple.product-type.bundle.unit-test";
		};
		3578CA4026E8ED5F00667BEF /* AHUerUITests */ = {
			isa = PBXNativeTarget;
			buildConfigurationList = 3578CA5026E8ED5F00667BEF /* Build configuration list for PBXNativeTarget "AHUerUITests" */;
			buildPhases = (
				3578CA3D26E8ED5F00667BEF /* Sources */,
				3578CA3E26E8ED5F00667BEF /* Frameworks */,
				3578CA3F26E8ED5F00667BEF /* Resources */,
			);
			buildRules = (
			);
			dependencies = (
				3578CA4326E8ED5F00667BEF /* PBXTargetDependency */,
			);
			name = AHUerUITests;
			productName = AHUerUITests;
			productReference = 3578CA4126E8ED5F00667BEF /* AHUerUITests.xctest */;
			productType = "com.apple.product-type.bundle.ui-testing";
		};
/* End PBXNativeTarget section */

/* Begin PBXProject section */
		3578CA1D26E8ED5E00667BEF /* Project object */ = {
			isa = PBXProject;
			attributes = {
				LastSwiftUpdateCheck = 1250;
				LastUpgradeCheck = 1250;
				TargetAttributes = {
					3578CA2426E8ED5E00667BEF = {
						CreatedOnToolsVersion = 12.5.1;
					};
					3578CA3526E8ED5F00667BEF = {
						CreatedOnToolsVersion = 12.5.1;
						TestTargetID = 3578CA2426E8ED5E00667BEF;
					};
					3578CA4026E8ED5F00667BEF = {
						CreatedOnToolsVersion = 12.5.1;
						TestTargetID = 3578CA2426E8ED5E00667BEF;
					};
				};
			};
			buildConfigurationList = 3578CA2026E8ED5E00667BEF /* Build configuration list for PBXProject "AHUer" */;
			compatibilityVersion = "Xcode 9.3";
			developmentRegion = en;
			hasScannedForEncodings = 0;
			knownRegions = (
				en,
				Base,
			);
			mainGroup = 3578CA1C26E8ED5E00667BEF;
			productRefGroup = 3578CA2626E8ED5E00667BEF /* Products */;
			projectDirPath = "";
			projectRoot = "";
			targets = (
				3578CA2426E8ED5E00667BEF /* AHUer */,
				3578CA3526E8ED5F00667BEF /* AHUerTests */,
				3578CA4026E8ED5F00667BEF /* AHUerUITests */,
			);
		};
/* End PBXProject section */

/* Begin PBXResourcesBuildPhase section */
		3578CA2326E8ED5E00667BEF /* Resources */ = {
			isa = PBXResourcesBuildPhase;
			buildActionMask = 2147483647;
			files = (
				3578CA3026E8ED5F00667BEF /* Preview Assets.xcassets in Resources */,
				3578CA2D26E8ED5E00667BEF /* Assets.xcassets in Resources */,
			);
			runOnlyForDeploymentPostprocessing = 0;
		};
		3578CA3426E8ED5F00667BEF /* Resources */ = {
			isa = PBXResourcesBuildPhase;
			buildActionMask = 2147483647;
			files = (
			);
			runOnlyForDeploymentPostprocessing = 0;
		};
		3578CA3F26E8ED5F00667BEF /* Resources */ = {
			isa = PBXResourcesBuildPhase;
			buildActionMask = 2147483647;
			files = (
			);
			runOnlyForDeploymentPostprocessing = 0;
		};
/* End PBXResourcesBuildPhase section */

/* Begin PBXSourcesBuildPhase section */
		3578CA2126E8ED5E00667BEF /* Sources */ = {
			isa = PBXSourcesBuildPhase;
			buildActionMask = 2147483647;
			files = (
				3578CA6026E90FDE00667BEF /* TimeTablePageView.swift in Sources */,
				35D5B16D26EA6BFD0070A23C /* ScoreView.swift in Sources */,
				3578CA6526E9120400667BEF /* TimeTable.swift in Sources */,
				3517309926EA4C17009340B4 /* SwiftUIView.swift in Sources */,
				3578CA2926E8ED5E00667BEF /* AHUerApp.swift in Sources */,
				35607B9F26EA025B0037504E /* NewsPageView.swift in Sources */,
				3578CA5D26E8F51400667BEF /* Today.swift in Sources */,
				35D5B16A26EA5E430070A23C /* JobView.swift in Sources */,
				35607BA726EA18280037504E /* SettingView.swift in Sources */,
				35607BA526EA0EC90037504E /* LogginView.swift in Sources */,
				3539741826E9873900A48A01 /* Day.swift in Sources */,
				35607B9C26E99BFA0037504E /* Date+Helper.swift in Sources */,
				3578CA6326E9117E00667BEF /* TimeTableShow.swift in Sources */,
				3578CA5626E8F0ED00667BEF /* HomePageView.swift in Sources */,
				3578CA5426E8EDB500667BEF /* RootView.swift in Sources */,
				3539741526E986BD00A48A01 /* Lecture.swift in Sources */,
				3578CA5A26E8F33D00667BEF /* TodayMessages.swift in Sources */,
				35AA432B26E916320096724A /* BathView.swift in Sources */,
				35607BA226EA02E00037504E /* PersonalPageView.swift in Sources */,
			);
			runOnlyForDeploymentPostprocessing = 0;
		};
		3578CA3226E8ED5F00667BEF /* Sources */ = {
			isa = PBXSourcesBuildPhase;
			buildActionMask = 2147483647;
			files = (
				3578CA3B26E8ED5F00667BEF /* AHUerTests.swift in Sources */,
			);
			runOnlyForDeploymentPostprocessing = 0;
		};
		3578CA3D26E8ED5F00667BEF /* Sources */ = {
			isa = PBXSourcesBuildPhase;
			buildActionMask = 2147483647;
			files = (
				3578CA4626E8ED5F00667BEF /* AHUerUITests.swift in Sources */,
			);
			runOnlyForDeploymentPostprocessing = 0;
		};
/* End PBXSourcesBuildPhase section */

/* Begin PBXTargetDependency section */
		3578CA3826E8ED5F00667BEF /* PBXTargetDependency */ = {
			isa = PBXTargetDependency;
			target = 3578CA2426E8ED5E00667BEF /* AHUer */;
			targetProxy = 3578CA3726E8ED5F00667BEF /* PBXContainerItemProxy */;
		};
		3578CA4326E8ED5F00667BEF /* PBXTargetDependency */ = {
			isa = PBXTargetDependency;
			target = 3578CA2426E8ED5E00667BEF /* AHUer */;
			targetProxy = 3578CA4226E8ED5F00667BEF /* PBXContainerItemProxy */;
		};
/* End PBXTargetDependency section */

/* Begin XCBuildConfiguration section */
		3578CA4826E8ED5F00667BEF /* Debug */ = {
			isa = XCBuildConfiguration;
			buildSettings = {
				ALWAYS_SEARCH_USER_PATHS = NO;
				CLANG_ANALYZER_NONNULL = YES;
				CLANG_ANALYZER_NUMBER_OBJECT_CONVERSION = YES_AGGRESSIVE;
				CLANG_CXX_LANGUAGE_STANDARD = "gnu++14";
				CLANG_CXX_LIBRARY = "libc++";
				CLANG_ENABLE_MODULES = YES;
				CLANG_ENABLE_OBJC_ARC = YES;
				CLANG_ENABLE_OBJC_WEAK = YES;
				CLANG_WARN_BLOCK_CAPTURE_AUTORELEASING = YES;
				CLANG_WARN_BOOL_CONVERSION = YES;
				CLANG_WARN_COMMA = YES;
				CLANG_WARN_CONSTANT_CONVERSION = YES;
				CLANG_WARN_DEPRECATED_OBJC_IMPLEMENTATIONS = YES;
				CLANG_WARN_DIRECT_OBJC_ISA_USAGE = YES_ERROR;
				CLANG_WARN_DOCUMENTATION_COMMENTS = YES;
				CLANG_WARN_EMPTY_BODY = YES;
				CLANG_WARN_ENUM_CONVERSION = YES;
				CLANG_WARN_INFINITE_RECURSION = YES;
				CLANG_WARN_INT_CONVERSION = YES;
				CLANG_WARN_NON_LITERAL_NULL_CONVERSION = YES;
				CLANG_WARN_OBJC_IMPLICIT_RETAIN_SELF = YES;
				CLANG_WARN_OBJC_LITERAL_CONVERSION = YES;
				CLANG_WARN_OBJC_ROOT_CLASS = YES_ERROR;
				CLANG_WARN_QUOTED_INCLUDE_IN_FRAMEWORK_HEADER = YES;
				CLANG_WARN_RANGE_LOOP_ANALYSIS = YES;
				CLANG_WARN_STRICT_PROTOTYPES = YES;
				CLANG_WARN_SUSPICIOUS_MOVE = YES;
				CLANG_WARN_UNGUARDED_AVAILABILITY = YES_AGGRESSIVE;
				CLANG_WARN_UNREACHABLE_CODE = YES;
				CLANG_WARN__DUPLICATE_METHOD_MATCH = YES;
				COPY_PHASE_STRIP = NO;
				DEBUG_INFORMATION_FORMAT = dwarf;
				ENABLE_STRICT_OBJC_MSGSEND = YES;
				ENABLE_TESTABILITY = YES;
				GCC_C_LANGUAGE_STANDARD = gnu11;
				GCC_DYNAMIC_NO_PIC = NO;
				GCC_NO_COMMON_BLOCKS = YES;
				GCC_OPTIMIZATION_LEVEL = 0;
				GCC_PREPROCESSOR_DEFINITIONS = (
					"DEBUG=1",
					"$(inherited)",
				);
				GCC_WARN_64_TO_32_BIT_CONVERSION = YES;
				GCC_WARN_ABOUT_RETURN_TYPE = YES_ERROR;
				GCC_WARN_UNDECLARED_SELECTOR = YES;
				GCC_WARN_UNINITIALIZED_AUTOS = YES_AGGRESSIVE;
				GCC_WARN_UNUSED_FUNCTION = YES;
				GCC_WARN_UNUSED_VARIABLE = YES;
				IPHONEOS_DEPLOYMENT_TARGET = 14.5;
				MTL_ENABLE_DEBUG_INFO = INCLUDE_SOURCE;
				MTL_FAST_MATH = YES;
				ONLY_ACTIVE_ARCH = YES;
				SDKROOT = iphoneos;
				SWIFT_ACTIVE_COMPILATION_CONDITIONS = DEBUG;
				SWIFT_OPTIMIZATION_LEVEL = "-Onone";
			};
			name = Debug;
		};
		3578CA4926E8ED5F00667BEF /* Release */ = {
			isa = XCBuildConfiguration;
			buildSettings = {
				ALWAYS_SEARCH_USER_PATHS = NO;
				CLANG_ANALYZER_NONNULL = YES;
				CLANG_ANALYZER_NUMBER_OBJECT_CONVERSION = YES_AGGRESSIVE;
				CLANG_CXX_LANGUAGE_STANDARD = "gnu++14";
				CLANG_CXX_LIBRARY = "libc++";
				CLANG_ENABLE_MODULES = YES;
				CLANG_ENABLE_OBJC_ARC = YES;
				CLANG_ENABLE_OBJC_WEAK = YES;
				CLANG_WARN_BLOCK_CAPTURE_AUTORELEASING = YES;
				CLANG_WARN_BOOL_CONVERSION = YES;
				CLANG_WARN_COMMA = YES;
				CLANG_WARN_CONSTANT_CONVERSION = YES;
				CLANG_WARN_DEPRECATED_OBJC_IMPLEMENTATIONS = YES;
				CLANG_WARN_DIRECT_OBJC_ISA_USAGE = YES_ERROR;
				CLANG_WARN_DOCUMENTATION_COMMENTS = YES;
				CLANG_WARN_EMPTY_BODY = YES;
				CLANG_WARN_ENUM_CONVERSION = YES;
				CLANG_WARN_INFINITE_RECURSION = YES;
				CLANG_WARN_INT_CONVERSION = YES;
				CLANG_WARN_NON_LITERAL_NULL_CONVERSION = YES;
				CLANG_WARN_OBJC_IMPLICIT_RETAIN_SELF = YES;
				CLANG_WARN_OBJC_LITERAL_CONVERSION = YES;
				CLANG_WARN_OBJC_ROOT_CLASS = YES_ERROR;
				CLANG_WARN_QUOTED_INCLUDE_IN_FRAMEWORK_HEADER = YES;
				CLANG_WARN_RANGE_LOOP_ANALYSIS = YES;
				CLANG_WARN_STRICT_PROTOTYPES = YES;
				CLANG_WARN_SUSPICIOUS_MOVE = YES;
				CLANG_WARN_UNGUARDED_AVAILABILITY = YES_AGGRESSIVE;
				CLANG_WARN_UNREACHABLE_CODE = YES;
				CLANG_WARN__DUPLICATE_METHOD_MATCH = YES;
				COPY_PHASE_STRIP = NO;
				DEBUG_INFORMATION_FORMAT = "dwarf-with-dsym";
				ENABLE_NS_ASSERTIONS = NO;
				ENABLE_STRICT_OBJC_MSGSEND = YES;
				GCC_C_LANGUAGE_STANDARD = gnu11;
				GCC_NO_COMMON_BLOCKS = YES;
				GCC_WARN_64_TO_32_BIT_CONVERSION = YES;
				GCC_WARN_ABOUT_RETURN_TYPE = YES_ERROR;
				GCC_WARN_UNDECLARED_SELECTOR = YES;
				GCC_WARN_UNINITIALIZED_AUTOS = YES_AGGRESSIVE;
				GCC_WARN_UNUSED_FUNCTION = YES;
				GCC_WARN_UNUSED_VARIABLE = YES;
				IPHONEOS_DEPLOYMENT_TARGET = 14.5;
				MTL_ENABLE_DEBUG_INFO = NO;
				MTL_FAST_MATH = YES;
				SDKROOT = iphoneos;
				SWIFT_COMPILATION_MODE = wholemodule;
				SWIFT_OPTIMIZATION_LEVEL = "-O";
				VALIDATE_PRODUCT = YES;
			};
			name = Release;
		};
		3578CA4B26E8ED5F00667BEF /* Debug */ = {
			isa = XCBuildConfiguration;
			buildSettings = {
				ASSETCATALOG_COMPILER_APPICON_NAME = AppIcon;
				ASSETCATALOG_COMPILER_GLOBAL_ACCENT_COLOR_NAME = AccentColor;
				CODE_SIGN_STYLE = Automatic;
				DEVELOPMENT_ASSET_PATHS = "\"AHUer/Preview Content\"";
				DEVELOPMENT_TEAM = 4C9768YYTJ;
				ENABLE_PREVIEWS = YES;
				INFOPLIST_FILE = AHUer/Info.plist;
				IPHONEOS_DEPLOYMENT_TARGET = 14.0;
				LD_RUNPATH_SEARCH_PATHS = (
					"$(inherited)",
					"@executable_path/Frameworks",
				);
				PRODUCT_BUNDLE_IDENTIFIER = com.weihas.AHUer;
				PRODUCT_NAME = "$(TARGET_NAME)";
				SWIFT_VERSION = 5.0;
				TARGETED_DEVICE_FAMILY = "1,2";
			};
			name = Debug;
		};
		3578CA4C26E8ED5F00667BEF /* Release */ = {
			isa = XCBuildConfiguration;
			buildSettings = {
				ASSETCATALOG_COMPILER_APPICON_NAME = AppIcon;
				ASSETCATALOG_COMPILER_GLOBAL_ACCENT_COLOR_NAME = AccentColor;
				CODE_SIGN_STYLE = Automatic;
				DEVELOPMENT_ASSET_PATHS = "\"AHUer/Preview Content\"";
				DEVELOPMENT_TEAM = 4C9768YYTJ;
				ENABLE_PREVIEWS = YES;
				INFOPLIST_FILE = AHUer/Info.plist;
				IPHONEOS_DEPLOYMENT_TARGET = 14.0;
				LD_RUNPATH_SEARCH_PATHS = (
					"$(inherited)",
					"@executable_path/Frameworks",
				);
				PRODUCT_BUNDLE_IDENTIFIER = com.weihas.AHUer;
				PRODUCT_NAME = "$(TARGET_NAME)";
				SWIFT_VERSION = 5.0;
				TARGETED_DEVICE_FAMILY = "1,2";
			};
			name = Release;
		};
		3578CA4E26E8ED5F00667BEF /* Debug */ = {
			isa = XCBuildConfiguration;
			buildSettings = {
				ALWAYS_EMBED_SWIFT_STANDARD_LIBRARIES = YES;
				BUNDLE_LOADER = "$(TEST_HOST)";
				CODE_SIGN_STYLE = Automatic;
				DEVELOPMENT_TEAM = NVF47AP6H6;
				INFOPLIST_FILE = AHUerTests/Info.plist;
				IPHONEOS_DEPLOYMENT_TARGET = 14.0;
				LD_RUNPATH_SEARCH_PATHS = (
					"$(inherited)",
					"@executable_path/Frameworks",
					"@loader_path/Frameworks",
				);
				PRODUCT_BUNDLE_IDENTIFIER = com.weiha.AHUerTests;
				PRODUCT_NAME = "$(TARGET_NAME)";
				SWIFT_VERSION = 5.0;
				TARGETED_DEVICE_FAMILY = "1,2";
				TEST_HOST = "$(BUILT_PRODUCTS_DIR)/AHUer.app/AHUer";
			};
			name = Debug;
		};
		3578CA4F26E8ED5F00667BEF /* Release */ = {
			isa = XCBuildConfiguration;
			buildSettings = {
				ALWAYS_EMBED_SWIFT_STANDARD_LIBRARIES = YES;
				BUNDLE_LOADER = "$(TEST_HOST)";
				CODE_SIGN_STYLE = Automatic;
				DEVELOPMENT_TEAM = NVF47AP6H6;
				INFOPLIST_FILE = AHUerTests/Info.plist;
				IPHONEOS_DEPLOYMENT_TARGET = 14.0;
				LD_RUNPATH_SEARCH_PATHS = (
					"$(inherited)",
					"@executable_path/Frameworks",
					"@loader_path/Frameworks",
				);
				PRODUCT_BUNDLE_IDENTIFIER = com.weiha.AHUerTests;
				PRODUCT_NAME = "$(TARGET_NAME)";
				SWIFT_VERSION = 5.0;
				TARGETED_DEVICE_FAMILY = "1,2";
				TEST_HOST = "$(BUILT_PRODUCTS_DIR)/AHUer.app/AHUer";
			};
			name = Release;
		};
		3578CA5126E8ED5F00667BEF /* Debug */ = {
			isa = XCBuildConfiguration;
			buildSettings = {
				ALWAYS_EMBED_SWIFT_STANDARD_LIBRARIES = YES;
				CODE_SIGN_STYLE = Automatic;
				DEVELOPMENT_TEAM = NVF47AP6H6;
				INFOPLIST_FILE = AHUerUITests/Info.plist;
				LD_RUNPATH_SEARCH_PATHS = (
					"$(inherited)",
					"@executable_path/Frameworks",
					"@loader_path/Frameworks",
				);
				PRODUCT_BUNDLE_IDENTIFIER = com.weiha.AHUerUITests;
				PRODUCT_NAME = "$(TARGET_NAME)";
				SWIFT_VERSION = 5.0;
				TARGETED_DEVICE_FAMILY = "1,2";
				TEST_TARGET_NAME = AHUer;
			};
			name = Debug;
		};
		3578CA5226E8ED5F00667BEF /* Release */ = {
			isa = XCBuildConfiguration;
			buildSettings = {
				ALWAYS_EMBED_SWIFT_STANDARD_LIBRARIES = YES;
				CODE_SIGN_STYLE = Automatic;
				DEVELOPMENT_TEAM = NVF47AP6H6;
				INFOPLIST_FILE = AHUerUITests/Info.plist;
				LD_RUNPATH_SEARCH_PATHS = (
					"$(inherited)",
					"@executable_path/Frameworks",
					"@loader_path/Frameworks",
				);
				PRODUCT_BUNDLE_IDENTIFIER = com.weiha.AHUerUITests;
				PRODUCT_NAME = "$(TARGET_NAME)";
				SWIFT_VERSION = 5.0;
				TARGETED_DEVICE_FAMILY = "1,2";
				TEST_TARGET_NAME = AHUer;
			};
			name = Release;
		};
/* End XCBuildConfiguration section */

/* Begin XCConfigurationList section */
		3578CA2026E8ED5E00667BEF /* Build configuration list for PBXProject "AHUer" */ = {
			isa = XCConfigurationList;
			buildConfigurations = (
				3578CA4826E8ED5F00667BEF /* Debug */,
				3578CA4926E8ED5F00667BEF /* Release */,
			);
			defaultConfigurationIsVisible = 0;
			defaultConfigurationName = Release;
		};
		3578CA4A26E8ED5F00667BEF /* Build configuration list for PBXNativeTarget "AHUer" */ = {
			isa = XCConfigurationList;
			buildConfigurations = (
				3578CA4B26E8ED5F00667BEF /* Debug */,
				3578CA4C26E8ED5F00667BEF /* Release */,
			);
			defaultConfigurationIsVisible = 0;
			defaultConfigurationName = Release;
		};
		3578CA4D26E8ED5F00667BEF /* Build configuration list for PBXNativeTarget "AHUerTests" */ = {
			isa = XCConfigurationList;
			buildConfigurations = (
				3578CA4E26E8ED5F00667BEF /* Debug */,
				3578CA4F26E8ED5F00667BEF /* Release */,
			);
			defaultConfigurationIsVisible = 0;
			defaultConfigurationName = Release;
		};
		3578CA5026E8ED5F00667BEF /* Build configuration list for PBXNativeTarget "AHUerUITests" */ = {
			isa = XCConfigurationList;
			buildConfigurations = (
				3578CA5126E8ED5F00667BEF /* Debug */,
				3578CA5226E8ED5F00667BEF /* Release */,
			);
			defaultConfigurationIsVisible = 0;
			defaultConfigurationName = Release;
		};
/* End XCConfigurationList section */
	};
	rootObject = 3578CA1D26E8ED5E00667BEF /* Project object */;
}
